
Microsoft Visual Studio Solution File, Format Version 12.00
# Visual Studio Version 16
VisualStudioVersion = 16.0.30611.23
MinimumVisualStudioVersion = 10.0.40219.1
Project("{FAE04EC0-301F-11D3-BF4B-00C04F79EFBC}") = "Moisi_Olivia_Debora_Lab8", "Moisi_Olivia_Debora_Lab8.csproj", "{5B095667-69BB-4588-AD3A-B919CE73CFF9}"
EndProject
Global
	GlobalSection(SolutionConfigurationPlatforms) = preSolution
		Debug|Any CPU = Debug|Any CPU
		Release|Any CPU = Release|Any CPU
	EndGlobalSection
	GlobalSection(ProjectConfigurationPlatforms) = postSolution
		{5B095667-69BB-4588-AD3A-B919CE73CFF9}.Debug|Any CPU.ActiveCfg = Debug|Any CPU
		{5B095667-69BB-4588-AD3A-B919CE73CFF9}.Debug|Any CPU.Build.0 = Debug|Any CPU
		{5B095667-69BB-4588-AD3A-B919CE73CFF9}.Release|Any CPU.ActiveCfg = Release|Any CPU
		{5B095667-69BB-4588-AD3A-B919CE73CFF9}.Release|Any CPU.Build.0 = Release|Any CPU
	EndGlobalSection
	GlobalSection(SolutionProperties) = preSolution
		HideSolutionNode = FALSE
	EndGlobalSection
	GlobalSection(ExtensibilityGlobals) = postSolution
		SolutionGuid = {6FAAE2AC-BBDD-4329-87FE-B2776F2AAE20}
	EndGlobalSection
EndGlobal
